
Microsoft Visual Studio Solution File, Format Version 12.00
# Visual Studio Version 17
VisualStudioVersion = 17.3.32901.215
MinimumVisualStudioVersion = 10.0.40219.1
Project("{FAE04EC0-301F-11D3-BF4B-00C04F79EFBC}") = "Inner and Get Data", "Inner and Get Data\Inner and Get Data.csproj", "{EB985546-8616-4A92-8669-DBFD4E34B771}"
EndProject
Global
	GlobalSection(SolutionConfigurationPlatforms) = preSolution
		Debug|Any CPU = Debug|Any CPU
		Release|Any CPU = Release|Any CPU
	EndGlobalSection
	GlobalSection(ProjectConfigurationPlatforms) = postSolution
		{EB985546-8616-4A92-8669-DBFD4E34B771}.Debug|Any CPU.ActiveCfg = Debug|Any CPU
		{EB985546-8616-4A92-8669-DBFD4E34B771}.Debug|Any CPU.Build.0 = Debug|Any CPU
		{EB985546-8616-4A92-8669-DBFD4E34B771}.Release|Any CPU.ActiveCfg = Release|Any CPU
		{EB985546-8616-4A92-8669-DBFD4E34B771}.Release|Any CPU.Build.0 = Release|Any CPU
	EndGlobalSection
	GlobalSection(SolutionProperties) = preSolution
		HideSolutionNode = FALSE
	EndGlobalSection
	GlobalSection(ExtensibilityGlobals) = postSolution
		SolutionGuid = {A89CDC32-0216-423B-838C-CCCC7A569F9E}
	EndGlobalSection
EndGlobal
